
Microsoft Visual Studio Solution File, Format Version 12.00
# Visual Studio Version 17
VisualStudioVersion = 17.14.36414.22
MinimumVisualStudioVersion = 10.0.40219.1
Project("{FAE04EC0-301F-11D3-BF4B-00C04F79EFBC}") = "VehicleInheritance", "VehicleInheritance\VehicleInheritance.csproj", "{3FDBE890-1426-4643-BC6C-53CD705545D9}"
EndProject
Project("{2150E333-8FDC-42A3-9474-1A3956D46DE8}") = "Solution Items", "Solution Items", "{02EA681E-C7D8-13C7-8484-4AC65E1B71E8}"
	ProjectSection(SolutionItems) = preProject
		.editorconfig = .editorconfig
	EndProjectSection
EndProject
Project("{FAE04EC0-301F-11D3-BF4B-00C04F79EFBC}") = "Executive", "Executive\Executive.csproj", "{DED087E8-3871-481D-9A22-A345F987D530}"
EndProject
Project("{FAE04EC0-301F-11D3-BF4B-00C04F79EFBC}") = "UnitTests", "UnitTests\UnitTests.csproj", "{B7713261-03FF-44FD-8A42-038158E6D2E1}"
EndProject
Global
	GlobalSection(SolutionConfigurationPlatforms) = preSolution
		Debug|Any CPU = Debug|Any CPU
		Release|Any CPU = Release|Any CPU
	EndGlobalSection
	GlobalSection(ProjectConfigurationPlatforms) = postSolution
		{3FDBE890-1426-4643-BC6C-53CD705545D9}.Debug|Any CPU.ActiveCfg = Debug|Any CPU
		{3FDBE890-1426-4643-BC6C-53CD705545D9}.Debug|Any CPU.Build.0 = Debug|Any CPU
		{3FDBE890-1426-4643-BC6C-53CD705545D9}.Release|Any CPU.ActiveCfg = Release|Any CPU
		{3FDBE890-1426-4643-BC6C-53CD705545D9}.Release|Any CPU.Build.0 = Release|Any CPU
		{DED087E8-3871-481D-9A22-A345F987D530}.Debug|Any CPU.ActiveCfg = Debug|Any CPU
		{DED087E8-3871-481D-9A22-A345F987D530}.Debug|Any CPU.Build.0 = Debug|Any CPU
		{DED087E8-3871-481D-9A22-A345F987D530}.Release|Any CPU.ActiveCfg = Release|Any CPU
		{DED087E8-3871-481D-9A22-A345F987D530}.Release|Any CPU.Build.0 = Release|Any CPU
		{B7713261-03FF-44FD-8A42-038158E6D2E1}.Debug|Any CPU.ActiveCfg = Debug|Any CPU
		{B7713261-03FF-44FD-8A42-038158E6D2E1}.Debug|Any CPU.Build.0 = Debug|Any CPU
		{B7713261-03FF-44FD-8A42-038158E6D2E1}.Release|Any CPU.ActiveCfg = Release|Any CPU
		{B7713261-03FF-44FD-8A42-038158E6D2E1}.Release|Any CPU.Build.0 = Release|Any CPU
	EndGlobalSection
	GlobalSection(SolutionProperties) = preSolution
		HideSolutionNode = FALSE
	EndGlobalSection
	GlobalSection(ExtensibilityGlobals) = postSolution
		SolutionGuid = {3D83AF4D-248A-4164-A370-F2331F4B5B3A}
	EndGlobalSection
EndGlobal
